
Microsoft Visual Studio Solution File, Format Version 12.00
# Visual Studio Version 17
VisualStudioVersion = 17.12.35707.178 d17.12
MinimumVisualStudioVersion = 10.0.40219.1
Project("{FAE04EC0-301F-11D3-BF4B-00C04F79EFBC}") = "COMP003B.LectureActivity6", "COMP003B.LectureActivity6\COMP003B.LectureActivity6.csproj", "{997D8E09-C7F9-42D1-B0F5-21FEA2959AE3}"
EndProject
Global
	GlobalSection(SolutionConfigurationPlatforms) = preSolution
		Debug|Any CPU = Debug|Any CPU
		Release|Any CPU = Release|Any CPU
	EndGlobalSection
	GlobalSection(ProjectConfigurationPlatforms) = postSolution
		{997D8E09-C7F9-42D1-B0F5-21FEA2959AE3}.Debug|Any CPU.ActiveCfg = Debug|Any CPU
		{997D8E09-C7F9-42D1-B0F5-21FEA2959AE3}.Debug|Any CPU.Build.0 = Debug|Any CPU
		{997D8E09-C7F9-42D1-B0F5-21FEA2959AE3}.Release|Any CPU.ActiveCfg = Release|Any CPU
		{997D8E09-C7F9-42D1-B0F5-21FEA2959AE3}.Release|Any CPU.Build.0 = Release|Any CPU
	EndGlobalSection
	GlobalSection(SolutionProperties) = preSolution
		HideSolutionNode = FALSE
	EndGlobalSection
EndGlobal
